// !$*UTF8*$!
{
	archiveVersion = 1;
	classes = {
	};
	objectVersion = 50;
	objects = {

/* Begin PBXBuildFile section */
		E24A238B2523C2740090259F /* DefinitionViewController.swift in Sources */ = {isa = PBXBuildFile; fileRef = E24A238A2523C2740090259F /* DefinitionViewController.swift */; };
		E2BFFEE82523A272009CFBEB /* AppDelegate.swift in Sources */ = {isa = PBXBuildFile; fileRef = E2BFFEE72523A272009CFBEB /* AppDelegate.swift */; };
		E2BFFEEA2523A272009CFBEB /* SceneDelegate.swift in Sources */ = {isa = PBXBuildFile; fileRef = E2BFFEE92523A272009CFBEB /* SceneDelegate.swift */; };
		E2BFFEEC2523A272009CFBEB /* ViewController.swift in Sources */ = {isa = PBXBuildFile; fileRef = E2BFFEEB2523A272009CFBEB /* ViewController.swift */; };
		E2BFFEEF2523A272009CFBEB /* Main.storyboard in Resources */ = {isa = PBXBuildFile; fileRef = E2BFFEED2523A272009CFBEB /* Main.storyboard */; };
		E2BFFEF12523A273009CFBEB /* Assets.xcassets in Resources */ = {isa = PBXBuildFile; fileRef = E2BFFEF02523A273009CFBEB /* Assets.xcassets */; };
		E2BFFEF42523A273009CFBEB /* LaunchScreen.storyboard in Resources */ = {isa = PBXBuildFile; fileRef = E2BFFEF22523A273009CFBEB /* LaunchScreen.storyboard */; };
		E2DEDE302524CB800068447F /* Emoji.swift in Sources */ = {isa = PBXBuildFile; fileRef = E2DEDE2F2524CB800068447F /* Emoji.swift */; };
/* End PBXBuildFile section */

/* Begin PBXFileReference section */
		E24A238A2523C2740090259F /* DefinitionViewController.swift */ = {isa = PBXFileReference; lastKnownFileType = sourcecode.swift; path = DefinitionViewController.swift; sourceTree = "<group>"; };
		E2BFFEE42523A272009CFBEB /* Emoji Dictionary.app */ = {isa = PBXFileReference; explicitFileType = wrapper.application; includeInIndex = 0; path = "Emoji Dictionary.app"; sourceTree = BUILT_PRODUCTS_DIR; };
		E2BFFEE72523A272009CFBEB /* AppDelegate.swift */ = {isa = PBXFileReference; lastKnownFileType = sourcecode.swift; path = AppDelegate.swift; sourceTree = "<group>"; };
		E2BFFEE92523A272009CFBEB /* SceneDelegate.swift */ = {isa = PBXFileReference; lastKnownFileType = sourcecode.swift; path = SceneDelegate.swift; sourceTree = "<group>"; };
		E2BFFEEB2523A272009CFBEB /* ViewController.swift */ = {isa = PBXFileReference; lastKnownFileType = sourcecode.swift; path = ViewController.swift; sourceTree = "<group>"; };
		E2BFFEEE2523A272009CFBEB /* Base */ = {isa = PBXFileReference; lastKnownFileType = file.storyboard; name = Base; path = Base.lproj/Main.storyboard; sourceTree = "<group>"; };
		E2BFFEF02523A273009CFBEB /* Assets.xcassets */ = {isa = PBXFileReference; lastKnownFileType = folder.assetcatalog; path = Assets.xcassets; sourceTree = "<group>"; };
		E2BFFEF32523A273009CFBEB /* Base */ = {isa = PBXFileReference; lastKnownFileType = file.storyboard; name = Base; path = Base.lproj/LaunchScreen.storyboard; sourceTree = "<group>"; };
		E2BFFEF52523A273009CFBEB /* Info.plist */ = {isa = PBXFileReference; lastKnownFileType = text.plist.xml; path = Info.plist; sourceTree = "<group>"; };
		E2DEDE2F2524CB800068447F /* Emoji.swift */ = {isa = PBXFileReference; lastKnownFileType = sourcecode.swift; path = Emoji.swift; sourceTree = "<group>"; };
/* End PBXFileReference section */

/* Begin PBXFrameworksBuildPhase section */
		E2BFFEE12523A272009CFBEB /* Frameworks */ = {
			isa = PBXFrameworksBuildPhase;
			buildActionMask = 2147483647;
			files = (
			);
			runOnlyForDeploymentPostprocessing = 0;
		};
/* End PBXFrameworksBuildPhase section */

/* Begin PBXGroup section */
		E2BFFEDB2523A272009CFBEB = {
			isa = PBXGroup;
			children = (
				E2BFFEE62523A272009CFBEB /* Emoji Dictionary */,
				E2BFFEE52523A272009CFBEB /* Products */,
			);
			sourceTree = "<group>";
		};
		E2BFFEE52523A272009CFBEB /* Products */ = {
			isa = PBXGroup;
			children = (
				E2BFFEE42523A272009CFBEB /* Emoji Dictionary.app */,
			);
			name = Products;
			sourceTree = "<group>";
		};
		E2BFFEE62523A272009CFBEB /* Emoji Dictionary */ = {
			isa = PBXGroup;
			children = (
				E2BFFEE72523A272009CFBEB /* AppDelegate.swift */,
				E2BFFEE92523A272009CFBEB /* SceneDelegate.swift */,
				E2BFFEEB2523A272009CFBEB /* ViewController.swift */,
				E2BFFEED2523A272009CFBEB /* Main.storyboard */,
				E24A238A2523C2740090259F /* DefinitionViewController.swift */,
				E2DEDE2F2524CB800068447F /* Emoji.swift */,
				E2BFFEF02523A273009CFBEB /* Assets.xcassets */,
				E2BFFEF22523A273009CFBEB /* LaunchScreen.storyboard */,
				E2BFFEF52523A273009CFBEB /* Info.plist */,
			);
			path = "Emoji Dictionary";
			sourceTree = "<group>";
		};
/* End PBXGroup section */

/* Begin PBXNativeTarget section */
		E2BFFEE32523A272009CFBEB /* Emoji Dictionary */ = {
			isa = PBXNativeTarget;
			buildConfigurationList = E2BFFEF82523A273009CFBEB /* Build configuration list for PBXNativeTarget "Emoji Dictionary" */;
			buildPhases = (
				E2BFFEE02523A272009CFBEB /* Sources */,
				E2BFFEE12523A272009CFBEB /* Frameworks */,
				E2BFFEE22523A272009CFBEB /* Resources */,
			);
			buildRules = (
			);
			dependencies = (
			);
			name = "Emoji Dictionary";
			productName = "Emoji Dictionary";
			productReference = E2BFFEE42523A272009CFBEB /* Emoji Dictionary.app */;
			productType = "com.apple.product-type.application";
		};
/* End PBXNativeTarget section */

/* Begin PBXProject section */
		E2BFFEDC2523A272009CFBEB /* Project object */ = {
			isa = PBXProject;
			attributes = {
				LastSwiftUpdateCheck = 1200;
				LastUpgradeCheck = 1200;
				TargetAttributes = {
					E2BFFEE32523A272009CFBEB = {
						CreatedOnToolsVersion = 12.0;
					};
				};
			};
			buildConfigurationList = E2BFFEDF2523A272009CFBEB /* Build configuration list for PBXProject "Emoji Dictionary" */;
			compatibilityVersion = "Xcode 9.3";
			developmentRegion = en;
			hasScannedForEncodings = 0;
			knownRegions = (
				en,
				Base,
			);
			mainGroup = E2BFFEDB2523A272009CFBEB;
			productRefGroup = E2BFFEE52523A272009CFBEB /* Products */;
			projectDirPath = "";
			projectRoot = "";
			targets = (
				E2BFFEE32523A272009CFBEB /* Emoji Dictionary */,
			);
		};
/* End PBXProject section */

/* Begin PBXResourcesBuildPhase section */
		E2BFFEE22523A272009CFBEB /* Resources */ = {
			isa = PBXResourcesBuildPhase;
			buildActionMask = 2147483647;
			files = (
				E2BFFEF42523A273009CFBEB /* LaunchScreen.storyboard in Resources */,
				E2BFFEF12523A273009CFBEB /* Assets.xcassets in Resources */,
				E2BFFEEF2523A272009CFBEB /* Main.storyboard in Resources */,
			);
			runOnlyForDeploymentPostprocessing = 0;
		};
/* End PBXResourcesBuildPhase section */

/* Begin PBXSourcesBuildPhase section */
		E2BFFEE02523A272009CFBEB /* Sources */ = {
			isa = PBXSourcesBuildPhase;
			buildActionMask = 2147483647;
			files = (
				E2DEDE302524CB800068447F /* Emoji.swift in Sources */,
				E2BFFEEC2523A272009CFBEB /* ViewController.swift in Sources */,
				E24A238B2523C2740090259F /* DefinitionViewController.swift in Sources */,
				E2BFFEE82523A272009CFBEB /* AppDelegate.swift in Sources */,
				E2BFFEEA2523A272009CFBEB /* SceneDelegate.swift in Sources */,
			);
			runOnlyForDeploymentPostprocessing = 0;
		};
/* End PBXSourcesBuildPhase section */

/* Begin PBXVariantGroup section */
		E2BFFEED2523A272009CFBEB /* Main.storyboard */ = {
			isa = PBXVariantGroup;
			children = (
				E2BFFEEE2523A272009CFBEB /* Base */,
			);
			name = Main.storyboard;
			sourceTree = "<group>";
		};
		E2BFFEF22523A273009CFBEB /* LaunchScreen.storyboard */ = {
			isa = PBXVariantGroup;
			children = (
				E2BFFEF32523A273009CFBEB /* Base */,
			);
			name = LaunchScreen.storyboard;
			sourceTree = "<group>";
		};
/* End PBXVariantGroup section */

/* Begin XCBuildConfiguration section */
		E2BFFEF62523A273009CFBEB /* Debug */ = {
			isa = XCBuildConfiguration;
			buildSettings = {
				ALWAYS_SEARCH_USER_PATHS = NO;
				CLANG_ANALYZER_NONNULL = YES;
				CLANG_ANALYZER_NUMBER_OBJECT_CONVERSION = YES_AGGRESSIVE;
				CLANG_CXX_LANGUAGE_STANDARD = "gnu++14";
				CLANG_CXX_LIBRARY = "libc++";
				CLANG_ENABLE_MODULES = YES;
				CLANG_ENABLE_OBJC_ARC = YES;
				CLANG_ENABLE_OBJC_WEAK = YES;
				CLANG_WARN_BLOCK_CAPTURE_AUTORELEASING = YES;
				CLANG_WARN_BOOL_CONVERSION = YES;
				CLANG_WARN_COMMA = YES;
				CLANG_WARN_CONSTANT_CONVERSION = YES;
				CLANG_WARN_DEPRECATED_OBJC_IMPLEMENTATIONS = YES;
				CLANG_WARN_DIRECT_OBJC_ISA_USAGE = YES_ERROR;
				CLANG_WARN_DOCUMENTATION_COMMENTS = YES;
				CLANG_WARN_EMPTY_BODY = YES;
				CLANG_WARN_ENUM_CONVERSION = YES;
				CLANG_WARN_INFINITE_RECURSION = YES;
				CLANG_WARN_INT_CONVERSION = YES;
				CLANG_WARN_NON_LITERAL_NULL_CONVERSION = YES;
				CLANG_WARN_OBJC_IMPLICIT_RETAIN_SELF = YES;
				CLANG_WARN_OBJC_LITERAL_CONVERSION = YES;
				CLANG_WARN_OBJC_ROOT_CLASS = YES_ERROR;
				CLANG_WARN_QUOTED_INCLUDE_IN_FRAMEWORK_HEADER = YES;
				CLANG_WARN_RANGE_LOOP_ANALYSIS = YES;
				CLANG_WARN_STRICT_PROTOTYPES = YES;
				CLANG_WARN_SUSPICIOUS_MOVE = YES;
				CLANG_WARN_UNGUARDED_AVAILABILITY = YES_AGGRESSIVE;
				CLANG_WARN_UNREACHABLE_CODE = YES;
				CLANG_WARN__DUPLICATE_METHOD_MATCH = YES;
				COPY_PHASE_STRIP = NO;
				DEBUG_INFORMATION_FORMAT = dwarf;
				ENABLE_STRICT_OBJC_MSGSEND = YES;
				ENABLE_TESTABILITY = YES;
				GCC_C_LANGUAGE_STANDARD = gnu11;
				GCC_DYNAMIC_NO_PIC = NO;
				GCC_NO_COMMON_BLOCKS = YES;
				GCC_OPTIMIZATION_LEVEL = 0;
				GCC_PREPROCESSOR_DEFINITIONS = (
					"DEBUG=1",
					"$(inherited)",
				);
				GCC_WARN_64_TO_32_BIT_CONVERSION = YES;
				GCC_WARN_ABOUT_RETURN_TYPE = YES_ERROR;
				GCC_WARN_UNDECLARED_SELECTOR = YES;
				GCC_WARN_UNINITIALIZED_AUTOS = YES_AGGRESSIVE;
				GCC_WARN_UNUSED_FUNCTION = YES;
				GCC_WARN_UNUSED_VARIABLE = YES;
				IPHONEOS_DEPLOYMENT_TARGET = 14.0;
				MTL_ENABLE_DEBUG_INFO = INCLUDE_SOURCE;
				MTL_FAST_MATH = YES;
				ONLY_ACTIVE_ARCH = YES;
				SDKROOT = iphoneos;
				SWIFT_ACTIVE_COMPILATION_CONDITIONS = DEBUG;
				SWIFT_OPTIMIZATION_LEVEL = "-Onone";
			};
			name = Debug;
		};
		E2BFFEF72523A273009CFBEB /* Release */ = {
			isa = XCBuildConfiguration;
			buildSettings = {
				ALWAYS_SEARCH_USER_PATHS = NO;
				CLANG_ANALYZER_NONNULL = YES;
				CLANG_ANALYZER_NUMBER_OBJECT_CONVERSION = YES_AGGRESSIVE;
				CLANG_CXX_LANGUAGE_STANDARD = "gnu++14";
				CLANG_CXX_LIBRARY = "libc++";
				CLANG_ENABLE_MODULES = YES;
				CLANG_ENABLE_OBJC_ARC = YES;
				CLANG_ENABLE_OBJC_WEAK = YES;
				CLANG_WARN_BLOCK_CAPTURE_AUTORELEASING = YES;
				CLANG_WARN_BOOL_CONVERSION = YES;
				CLANG_WARN_COMMA = YES;
				CLANG_WARN_CONSTANT_CONVERSION = YES;
				CLANG_WARN_DEPRECATED_OBJC_IMPLEMENTATIONS = YES;
				CLANG_WARN_DIRECT_OBJC_ISA_USAGE = YES_ERROR;
				CLANG_WARN_DOCUMENTATION_COMMENTS = YES;
				CLANG_WARN_EMPTY_BODY = YES;
				CLANG_WARN_ENUM_CONVERSION = YES;
				CLANG_WARN_INFINITE_RECURSION = YES;
				CLANG_WARN_INT_CONVERSION = YES;
				CLANG_WARN_NON_LITERAL_NULL_CONVERSION = YES;
				CLANG_WARN_OBJC_IMPLICIT_RETAIN_SELF = YES;
				CLANG_WARN_OBJC_LITERAL_CONVERSION = YES;
				CLANG_WARN_OBJC_ROOT_CLASS = YES_ERROR;
				CLANG_WARN_QUOTED_INCLUDE_IN_FRAMEWORK_HEADER = YES;
				CLANG_WARN_RANGE_LOOP_ANALYSIS = YES;
				CLANG_WARN_STRICT_PROTOTYPES = YES;
				CLANG_WARN_SUSPICIOUS_MOVE = YES;
				CLANG_WARN_UNGUARDED_AVAILABILITY = YES_AGGRESSIVE;
				CLANG_WARN_UNREACHABLE_CODE = YES;
				CLANG_WARN__DUPLICATE_METHOD_MATCH = YES;
				COPY_PHASE_STRIP = NO;
				DEBUG_INFORMATION_FORMAT = "dwarf-with-dsym";
				ENABLE_NS_ASSERTIONS = NO;
				ENABLE_STRICT_OBJC_MSGSEND = YES;
				GCC_C_LANGUAGE_STANDARD = gnu11;
				GCC_NO_COMMON_BLOCKS = YES;
				GCC_WARN_64_TO_32_BIT_CONVERSION = YES;
				GCC_WARN_ABOUT_RETURN_TYPE = YES_ERROR;
				GCC_WARN_UNDECLARED_SELECTOR = YES;
				GCC_WARN_UNINITIALIZED_AUTOS = YES_AGGRESSIVE;
				GCC_WARN_UNUSED_FUNCTION = YES;
				GCC_WARN_UNUSED_VARIABLE = YES;
				IPHONEOS_DEPLOYMENT_TARGET = 14.0;
				MTL_ENABLE_DEBUG_INFO = NO;
				MTL_FAST_MATH = YES;
				SDKROOT = iphoneos;
				SWIFT_COMPILATION_MODE = wholemodule;
				SWIFT_OPTIMIZATION_LEVEL = "-O";
				VALIDATE_PRODUCT = YES;
			};
			name = Release;
		};
		E2BFFEF92523A273009CFBEB /* Debug */ = {
			isa = XCBuildConfiguration;
			buildSettings = {
				ASSETCATALOG_COMPILER_APPICON_NAME = AppIcon;
				ASSETCATALOG_COMPILER_GLOBAL_ACCENT_COLOR_NAME = AccentColor;
				CODE_SIGN_STYLE = Automatic;
				DEVELOPMENT_TEAM = Q52Z8SG9G5;
				INFOPLIST_FILE = "Emoji Dictionary/Info.plist";
				LD_RUNPATH_SEARCH_PATHS = (
					"$(inherited)",
					"@executable_path/Frameworks",
				);
				PRODUCT_BUNDLE_IDENTIFIER = "quentinikuta.Emoji-Dictionary";
				PRODUCT_NAME = "$(TARGET_NAME)";
				SWIFT_VERSION = 5.0;
				TARGETED_DEVICE_FAMILY = "1,2";
			};
			name = Debug;
		};
		E2BFFEFA2523A273009CFBEB /* Release */ = {
			isa = XCBuildConfiguration;
			buildSettings = {
				ASSETCATALOG_COMPILER_APPICON_NAME = AppIcon;
				ASSETCATALOG_COMPILER_GLOBAL_ACCENT_COLOR_NAME = AccentColor;
				CODE_SIGN_STYLE = Automatic;
				DEVELOPMENT_TEAM = Q52Z8SG9G5;
				INFOPLIST_FILE = "Emoji Dictionary/Info.plist";
				LD_RUNPATH_SEARCH_PATHS = (
					"$(inherited)",
					"@executable_path/Frameworks",
				);
				PRODUCT_BUNDLE_IDENTIFIER = "quentinikuta.Emoji-Dictionary";
				PRODUCT_NAME = "$(TARGET_NAME)";
				SWIFT_VERSION = 5.0;
				TARGETED_DEVICE_FAMILY = "1,2";
			};
			name = Release;
		};
/* End XCBuildConfiguration section */

/* Begin XCConfigurationList section */
		E2BFFEDF2523A272009CFBEB /* Build configuration list for PBXProject "Emoji Dictionary" */ = {
			isa = XCConfigurationList;
			buildConfigurations = (
				E2BFFEF62523A273009CFBEB /* Debug */,
				E2BFFEF72523A273009CFBEB /* Release */,
			);
			defaultConfigurationIsVisible = 0;
			defaultConfigurationName = Release;
		};
		E2BFFEF82523A273009CFBEB /* Build configuration list for PBXNativeTarget "Emoji Dictionary" */ = {
			isa = XCConfigurationList;
			buildConfigurations = (
				E2BFFEF92523A273009CFBEB /* Debug */,
				E2BFFEFA2523A273009CFBEB /* Release */,
			);
			defaultConfigurationIsVisible = 0;
			defaultConfigurationName = Release;
		};
/* End XCConfigurationList section */
	};
	rootObject = E2BFFEDC2523A272009CFBEB /* Project object */;
}
